
Microsoft Visual Studio Solution File, Format Version 11.00
# Visual Studio 2010 Express for Windows Phone
Project("{FAE04EC0-301F-11D3-BF4B-00C04F79EFBC}") = "Uglybird", "Uglybird\Uglybird\Uglybird.csproj", "{F2369DE3-D49F-4B8B-A57B-C23047FB5BF9}"
EndProject
Project("{96E2B04D-8817-42C6-938A-82C39BA4D311}") = "UglybirdContent", "Uglybird\UglybirdContent\UglybirdContent.contentproj", "{C18B0DF8-4536-4F70-AC03-BE39587E687E}"
EndProject
Global
	GlobalSection(SolutionConfigurationPlatforms) = preSolution
		Debug|Windows Phone = Debug|Windows Phone
		Release|Windows Phone = Release|Windows Phone
	EndGlobalSection
	GlobalSection(ProjectConfigurationPlatforms) = postSolution
		{F2369DE3-D49F-4B8B-A57B-C23047FB5BF9}.Debug|Windows Phone.ActiveCfg = Debug|Windows Phone
		{F2369DE3-D49F-4B8B-A57B-C23047FB5BF9}.Debug|Windows Phone.Build.0 = Debug|Windows Phone
		{F2369DE3-D49F-4B8B-A57B-C23047FB5BF9}.Debug|Windows Phone.Deploy.0 = Debug|Windows Phone
		{F2369DE3-D49F-4B8B-A57B-C23047FB5BF9}.Release|Windows Phone.ActiveCfg = Release|Windows Phone
		{F2369DE3-D49F-4B8B-A57B-C23047FB5BF9}.Release|Windows Phone.Build.0 = Release|Windows Phone
		{F2369DE3-D49F-4B8B-A57B-C23047FB5BF9}.Release|Windows Phone.Deploy.0 = Release|Windows Phone
		{C18B0DF8-4536-4F70-AC03-BE39587E687E}.Debug|Windows Phone.ActiveCfg = Debug|Windows Phone
		{C18B0DF8-4536-4F70-AC03-BE39587E687E}.Release|Windows Phone.ActiveCfg = Release|Windows Phone
	EndGlobalSection
	GlobalSection(SolutionProperties) = preSolution
		HideSolutionNode = FALSE
	EndGlobalSection
EndGlobal
